{
    "name": "Project2-Group14-Backend",
    "lockfileVersion": 3,
    "requires": true,
    "packages": {
      "": {
        "dependencies": {
          "bcryptjs-react": "^2.4.6"
        }
      },
      "node_modules/bcryptjs-react": {
        "version": "2.4.6",
        "resolved": "https://registry.npmjs.org/bcryptjs-react/-/bcryptjs-react-2.4.6.tgz",
        "integrity": "sha512-dc9oUX1JwnXoSwIXL6T4p/MxPvu2AHlhmml3vA4mA/z492j3vtJl29jLylYyYtPw3OHii3gGmdNM9kYeq7ZrqA==",
        "bin": {
          "bcrypt": "bin/bcrypt"
        }
      }
    }
  }